// !$*UTF8*$!
{
	archiveVersion = 1;
	classes = {
	};
	objectVersion = 46;
	objects = {

/* Begin PBXBuildFile section */
		1845BEBE1E5DB5A800D79D83 /* main.m in Sources */ = {isa = PBXBuildFile; fileRef = 1845BEBD1E5DB5A800D79D83 /* main.m */; };
		1845BEC11E5DB5A800D79D83 /* AppDelegate.m in Sources */ = {isa = PBXBuildFile; fileRef = 1845BEC01E5DB5A800D79D83 /* AppDelegate.m */; };
		1845BEC41E5DB5A800D79D83 /* ViewController.m in Sources */ = {isa = PBXBuildFile; fileRef = 1845BEC31E5DB5A800D79D83 /* ViewController.m */; };
		1845BEC71E5DB5A800D79D83 /* Main.storyboard in Resources */ = {isa = PBXBuildFile; fileRef = 1845BEC51E5DB5A800D79D83 /* Main.storyboard */; };
		1845BEC91E5DB5A800D79D83 /* Assets.xcassets in Resources */ = {isa = PBXBuildFile; fileRef = 1845BEC81E5DB5A800D79D83 /* Assets.xcassets */; };
		1845BECC1E5DB5A800D79D83 /* LaunchScreen.storyboard in Resources */ = {isa = PBXBuildFile; fileRef = 1845BECA1E5DB5A800D79D83 /* LaunchScreen.storyboard */; };
/* End PBXBuildFile section */

/* Begin PBXFileReference section */
		1845BEB91E5DB5A800D79D83 /* weChat.app */ = {isa = PBXFileReference; explicitFileType = wrapper.application; includeInIndex = 0; path = weChat.app; sourceTree = BUILT_PRODUCTS_DIR; };
		1845BEBD1E5DB5A800D79D83 /* main.m */ = {isa = PBXFileReference; lastKnownFileType = sourcecode.c.objc; path = main.m; sourceTree = "<group>"; };
		1845BEBF1E5DB5A800D79D83 /* AppDelegate.h */ = {isa = PBXFileReference; lastKnownFileType = sourcecode.c.h; path = AppDelegate.h; sourceTree = "<group>"; };
		1845BEC01E5DB5A800D79D83 /* AppDelegate.m */ = {isa = PBXFileReference; lastKnownFileType = sourcecode.c.objc; path = AppDelegate.m; sourceTree = "<group>"; };
		1845BEC21E5DB5A800D79D83 /* ViewController.h */ = {isa = PBXFileReference; lastKnownFileType = sourcecode.c.h; path = ViewController.h; sourceTree = "<group>"; };
		1845BEC31E5DB5A800D79D83 /* ViewController.m */ = {isa = PBXFileReference; lastKnownFileType = sourcecode.c.objc; path = ViewController.m; sourceTree = "<group>"; };
		1845BEC61E5DB5A800D79D83 /* Base */ = {isa = PBXFileReference; lastKnownFileType = file.storyboard; name = Base; path = Base.lproj/Main.storyboard; sourceTree = "<group>"; };
		1845BEC81E5DB5A800D79D83 /* Assets.xcassets */ = {isa = PBXFileReference; lastKnownFileType = folder.assetcatalog; path = Assets.xcassets; sourceTree = "<group>"; };
		1845BECB1E5DB5A800D79D83 /* Base */ = {isa = PBXFileReference; lastKnownFileType = file.storyboard; name = Base; path = Base.lproj/LaunchScreen.storyboard; sourceTree = "<group>"; };
		1845BECD1E5DB5A800D79D83 /* Info.plist */ = {isa = PBXFileReference; lastKnownFileType = text.plist.xml; path = Info.plist; sourceTree = "<group>"; };
/* End PBXFileReference section */

/* Begin PBXFrameworksBuildPhase section */
		1845BEB61E5DB5A800D79D83 /* Frameworks */ = {
			isa = PBXFrameworksBuildPhase;
			buildActionMask = 2147483647;
			files = (
			);
			runOnlyForDeploymentPostprocessing = 0;
		};
/* End PBXFrameworksBuildPhase section */

/* Begin PBXGroup section */
		1845BEB01E5DB5A800D79D83 = {
			isa = PBXGroup;
			children = (
				1845BEBB1E5DB5A800D79D83 /* weChat */,
				1845BEBA1E5DB5A800D79D83 /* Products */,
			);
			sourceTree = "<group>";
		};
		1845BEBA1E5DB5A800D79D83 /* Products */ = {
			isa = PBXGroup;
			children = (
				1845BEB91E5DB5A800D79D83 /* weChat.app */,
			);
			name = Products;
			sourceTree = "<group>";
		};
		1845BEBB1E5DB5A800D79D83 /* weChat */ = {
			isa = PBXGroup;
			children = (
				1845BEBF1E5DB5A800D79D83 /* AppDelegate.h */,
				1845BEC01E5DB5A800D79D83 /* AppDelegate.m */,
				1845BEC21E5DB5A800D79D83 /* ViewController.h */,
				1845BEC31E5DB5A800D79D83 /* ViewController.m */,
				1845BEC51E5DB5A800D79D83 /* Main.storyboard */,
				1845BEC81E5DB5A800D79D83 /* Assets.xcassets */,
				1845BECA1E5DB5A800D79D83 /* LaunchScreen.storyboard */,
				1845BECD1E5DB5A800D79D83 /* Info.plist */,
				1845BEBC1E5DB5A800D79D83 /* Supporting Files */,
			);
			path = weChat;
			sourceTree = "<group>";
		};
		1845BEBC1E5DB5A800D79D83 /* Supporting Files */ = {
			isa = PBXGroup;
			children = (
				1845BEBD1E5DB5A800D79D83 /* main.m */,
			);
			name = "Supporting Files";
			sourceTree = "<group>";
		};
/* End PBXGroup section */

/* Begin PBXNativeTarget section */
		1845BEB81E5DB5A800D79D83 /* weChat */ = {
			isa = PBXNativeTarget;
			buildConfigurationList = 1845BED01E5DB5A800D79D83 /* Build configuration list for PBXNativeTarget "weChat" */;
			buildPhases = (
				1845BEB51E5DB5A800D79D83 /* Sources */,
				1845BEB61E5DB5A800D79D83 /* Frameworks */,
				1845BEB71E5DB5A800D79D83 /* Resources */,
			);
			buildRules = (
			);
			dependencies = (
			);
			name = weChat;
			productName = weChat;
			productReference = 1845BEB91E5DB5A800D79D83 /* weChat.app */;
			productType = "com.apple.product-type.application";
		};
/* End PBXNativeTarget section */

/* Begin PBXProject section */
		1845BEB11E5DB5A800D79D83 /* Project object */ = {
			isa = PBXProject;
			attributes = {
				LastUpgradeCheck = 0820;
				ORGANIZATIONNAME = TG;
				TargetAttributes = {
					1845BEB81E5DB5A800D79D83 = {
						CreatedOnToolsVersion = 8.2.1;
						ProvisioningStyle = Automatic;
					};
				};
			};
			buildConfigurationList = 1845BEB41E5DB5A800D79D83 /* Build configuration list for PBXProject "weChat" */;
			compatibilityVersion = "Xcode 3.2";
			developmentRegion = English;
			hasScannedForEncodings = 0;
			knownRegions = (
				en,
				Base,
			);
			mainGroup = 1845BEB01E5DB5A800D79D83;
			productRefGroup = 1845BEBA1E5DB5A800D79D83 /* Products */;
			projectDirPath = "";
			projectRoot = "";
			targets = (
				1845BEB81E5DB5A800D79D83 /* weChat */,
			);
		};
/* End PBXProject section */

/* Begin PBXResourcesBuildPhase section */
		1845BEB71E5DB5A800D79D83 /* Resources */ = {
			isa = PBXResourcesBuildPhase;
			buildActionMask = 2147483647;
			files = (
				1845BECC1E5DB5A800D79D83 /* LaunchScreen.storyboard in Resources */,
				1845BEC91E5DB5A800D79D83 /* Assets.xcassets in Resources */,
				1845BEC71E5DB5A800D79D83 /* Main.storyboard in Resources */,
			);
			runOnlyForDeploymentPostprocessing = 0;
		};
/* End PBXResourcesBuildPhase section */

/* Begin PBXSourcesBuildPhase section */
		1845BEB51E5DB5A800D79D83 /* Sources */ = {
			isa = PBXSourcesBuildPhase;
			buildActionMask = 2147483647;
			files = (
				1845BEC41E5DB5A800D79D83 /* ViewController.m in Sources */,
				1845BEC11E5DB5A800D79D83 /* AppDelegate.m in Sources */,
				1845BEBE1E5DB5A800D79D83 /* main.m in Sources */,
			);
			runOnlyForDeploymentPostprocessing = 0;
		};
/* End PBXSourcesBuildPhase section */

/* Begin PBXVariantGroup section */
		1845BEC51E5DB5A800D79D83 /* Main.storyboard */ = {
			isa = PBXVariantGroup;
			children = (
				1845BEC61E5DB5A800D79D83 /* Base */,
			);
			name = Main.storyboard;
			sourceTree = "<group>";
		};
		1845BECA1E5DB5A800D79D83 /* LaunchScreen.storyboard */ = {
			isa = PBXVariantGroup;
			children = (
				1845BECB1E5DB5A800D79D83 /* Base */,
			);
			name = LaunchScreen.storyboard;
			sourceTree = "<group>";
		};
/* End PBXVariantGroup section */

/* Begin XCBuildConfiguration section */
		1845BECE1E5DB5A800D79D83 /* Debug */ = {
			isa = XCBuildConfiguration;
			buildSettings = {
				ALWAYS_SEARCH_USER_PATHS = NO;
				CLANG_ANALYZER_NONNULL = YES;
				CLANG_CXX_LANGUAGE_STANDARD = "gnu++0x";
				CLANG_CXX_LIBRARY = "libc++";
				CLANG_ENABLE_MODULES = YES;
				CLANG_ENABLE_OBJC_ARC = YES;
				CLANG_WARN_BOOL_CONVERSION = YES;
				CLANG_WARN_CONSTANT_CONVERSION = YES;
				CLANG_WARN_DIRECT_OBJC_ISA_USAGE = YES_ERROR;
				CLANG_WARN_DOCUMENTATION_COMMENTS = YES;
				CLANG_WARN_EMPTY_BODY = YES;
				CLANG_WARN_ENUM_CONVERSION = YES;
				CLANG_WARN_INFINITE_RECURSION = YES;
				CLANG_WARN_INT_CONVERSION = YES;
				CLANG_WARN_OBJC_ROOT_CLASS = YES_ERROR;
				CLANG_WARN_SUSPICIOUS_MOVE = YES;
				CLANG_WARN_UNREACHABLE_CODE = YES;
				CLANG_WARN__DUPLICATE_METHOD_MATCH = YES;
				"CODE_SIGN_IDENTITY[sdk=iphoneos*]" = "iPhone Developer";
				COPY_PHASE_STRIP = NO;
				DEBUG_INFORMATION_FORMAT = dwarf;
				ENABLE_STRICT_OBJC_MSGSEND = YES;
				ENABLE_TESTABILITY = YES;
				GCC_C_LANGUAGE_STANDARD = gnu99;
				GCC_DYNAMIC_NO_PIC = NO;
				GCC_NO_COMMON_BLOCKS = YES;
				GCC_OPTIMIZATION_LEVEL = 0;
				GCC_PREPROCESSOR_DEFINITIONS = (
					"DEBUG=1",
					"$(inherited)",
				);
				GCC_WARN_64_TO_32_BIT_CONVERSION = YES;
				GCC_WARN_ABOUT_RETURN_TYPE = YES_ERROR;
				GCC_WARN_UNDECLARED_SELECTOR = YES;
				GCC_WARN_UNINITIALIZED_AUTOS = YES_AGGRESSIVE;
				GCC_WARN_UNUSED_FUNCTION = YES;
				GCC_WARN_UNUSED_VARIABLE = YES;
				IPHONEOS_DEPLOYMENT_TARGET = 10.2;
				MTL_ENABLE_DEBUG_INFO = YES;
				ONLY_ACTIVE_ARCH = YES;
				SDKROOT = iphoneos;
			};
			name = Debug;
		};
		1845BECF1E5DB5A800D79D83 /* Release */ = {
			isa = XCBuildConfiguration;
			buildSettings = {
				ALWAYS_SEARCH_USER_PATHS = NO;
				CLANG_ANALYZER_NONNULL = YES;
				CLANG_CXX_LANGUAGE_STANDARD = "gnu++0x";
				CLANG_CXX_LIBRARY = "libc++";
				CLANG_ENABLE_MODULES = YES;
				CLANG_ENABLE_OBJC_ARC = YES;
				CLANG_WARN_BOOL_CONVERSION = YES;
				CLANG_WARN_CONSTANT_CONVERSION = YES;
				CLANG_WARN_DIRECT_OBJC_ISA_USAGE = YES_ERROR;
				CLANG_WARN_DOCUMENTATION_COMMENTS = YES;
				CLANG_WARN_EMPTY_BODY = YES;
				CLANG_WARN_ENUM_CONVERSION = YES;
				CLANG_WARN_INFINITE_RECURSION = YES;
				CLANG_WARN_INT_CONVERSION = YES;
				CLANG_WARN_OBJC_ROOT_CLASS = YES_ERROR;
				CLANG_WARN_SUSPICIOUS_MOVE = YES;
				CLANG_WARN_UNREACHABLE_CODE = YES;
				CLANG_WARN__DUPLICATE_METHOD_MATCH = YES;
				"CODE_SIGN_IDENTITY[sdk=iphoneos*]" = "iPhone Developer";
				COPY_PHASE_STRIP = NO;
				DEBUG_INFORMATION_FORMAT = "dwarf-with-dsym";
				ENABLE_NS_ASSERTIONS = NO;
				ENABLE_STRICT_OBJC_MSGSEND = YES;
				GCC_C_LANGUAGE_STANDARD = gnu99;
				GCC_NO_COMMON_BLOCKS = YES;
				GCC_WARN_64_TO_32_BIT_CONVERSION = YES;
				GCC_WARN_ABOUT_RETURN_TYPE = YES_ERROR;
				GCC_WARN_UNDECLARED_SELECTOR = YES;
				GCC_WARN_UNINITIALIZED_AUTOS = YES_AGGRESSIVE;
				GCC_WARN_UNUSED_FUNCTION = YES;
				GCC_WARN_UNUSED_VARIABLE = YES;
				IPHONEOS_DEPLOYMENT_TARGET = 10.2;
				MTL_ENABLE_DEBUG_INFO = NO;
				SDKROOT = iphoneos;
				VALIDATE_PRODUCT = YES;
			};
			name = Release;
		};
		1845BED11E5DB5A800D79D83 /* Debug */ = {
			isa = XCBuildConfiguration;
			buildSettings = {
				ASSETCATALOG_COMPILER_APPICON_NAME = AppIcon;
				INFOPLIST_FILE = weChat/Info.plist;
				LD_RUNPATH_SEARCH_PATHS = "$(inherited) @executable_path/Frameworks";
				PRODUCT_BUNDLE_IDENTIFIER = com.TG.weChat;
				PRODUCT_NAME = "$(TARGET_NAME)";
			};
			name = Debug;
		};
		1845BED21E5DB5A800D79D83 /* Release */ = {
			isa = XCBuildConfiguration;
			buildSettings = {
				ASSETCATALOG_COMPILER_APPICON_NAME = AppIcon;
				INFOPLIST_FILE = weChat/Info.plist;
				LD_RUNPATH_SEARCH_PATHS = "$(inherited) @executable_path/Frameworks";
				PRODUCT_BUNDLE_IDENTIFIER = com.TG.weChat;
				PRODUCT_NAME = "$(TARGET_NAME)";
			};
			name = Release;
		};
/* End XCBuildConfiguration section */

/* Begin XCConfigurationList section */
		1845BEB41E5DB5A800D79D83 /* Build configuration list for PBXProject "weChat" */ = {
			isa = XCConfigurationList;
			buildConfigurations = (
				1845BECE1E5DB5A800D79D83 /* Debug */,
				1845BECF1E5DB5A800D79D83 /* Release */,
			);
			defaultConfigurationIsVisible = 0;
			defaultConfigurationName = Release;
		};
		1845BED01E5DB5A800D79D83 /* Build configuration list for PBXNativeTarget "weChat" */ = {
			isa = XCConfigurationList;
			buildConfigurations = (
				1845BED11E5DB5A800D79D83 /* Debug */,
				1845BED21E5DB5A800D79D83 /* Release */,
			);
			defaultConfigurationIsVisible = 0;
		};
/* End XCConfigurationList section */
	};
	rootObject = 1845BEB11E5DB5A800D79D83 /* Project object */;
}
